<?xml version="1.0" encoding="utf-8"?>
<Project ToolsVersion="4.0" xmlns="http://schemas.microsoft.com/developer/msbuild/2003">
  <ItemGroup>
    <Filter Include="Emulator">
      <UniqueIdentifier>{a0b3266f-7558-4f1c-a09f-8005c49152b7}</UniqueIdentifier>
    </Filter>
    <Filter Include="Source">
      <UniqueIdentifier>{3aac06b4-5bd4-4b55-b14e-6f68d2834e8e}</UniqueIdentifier>
    </Filter>
    <Filter Include="Source\Screens">
      <UniqueIdentifier>{d8070569-e949-4a72-8b31-911719c2a061}</UniqueIdentifier>
    </Filter>
    <Filter Include="Arduino">
      <UniqueIdentifier>{4a7b3396-3404-460d-b806-e1fa7ad9b05f}</UniqueIdentifier>
    </Filter>
    <Filter Include="Javascript">
      <UniqueIdentifier>{dec965d5-0dc3-4a65-a248-061c0237bd21}</UniqueIdentifier>
    </Filter>
  </ItemGroup>
  <ItemGroup>
    <ClInclude Include="U8G2.h">
      <Filter>Emulator</Filter>
    </ClInclude>
    <ClInclude Include="targetver.h">
      <Filter>Emulator</Filter>
    </ClInclude>
    <ClInclude Include="Serial.h">
      <Filter>Emulator</Filter>
    </ClInclude>
    <ClInclude Include="Resource.h">
      <Filter>Emulator</Filter>
    </ClInclude>
    <ClInclude Include="PendantEmulator.h">
      <Filter>Emulator</Filter>
    </ClInclude>
    <ClInclude Include="pch.h">
      <Filter>Emulator</Filter>
    </ClInclude>
    <ClInclude Include="framework.h">
      <Filter>Emulator</Filter>
    </ClInclude>
    <ClInclude Include="..\MacroScreen.h">
      <Filter>Source\Screens</Filter>
    </ClInclude>
    <ClInclude Include="..\MainScreen.h">
      <Filter>Source\Screens</Filter>
    </ClInclude>
    <ClInclude Include="..\ProbeMenuScreen.h">
      <Filter>Source\Screens</Filter>
    </ClInclude>
    <ClInclude Include="..\WelcomeScreen.h">
      <Filter>Source\Screens</Filter>
    </ClInclude>
    <ClInclude Include="..\AlarmScreen.h">
      <Filter>Source\Screens</Filter>
    </ClInclude>
    <ClInclude Include="..\JogScreen.h">
      <Filter>Source\Screens</Filter>
    </ClInclude>
    <ClInclude Include="..\_ScreenClasses.h">
      <Filter>Source\Screens</Filter>
    </ClInclude>
    <ClInclude Include="..\CalibrationScreen.h">
      <Filter>Source\Screens</Filter>
    </ClInclude>
    <ClInclude Include="..\_BaseScreen.h">
      <Filter>Source\Screens</Filter>
    </ClInclude>
    <ClInclude Include="EEPROM.h">
      <Filter>Emulator</Filter>
    </ClInclude>
    <ClInclude Include="..\DialogScreen.h">
      <Filter>Source\Screens</Filter>
    </ClInclude>
    <ClInclude Include="..\SpecialStrings.h">
      <Filter>Source</Filter>
    </ClInclude>
    <ClInclude Include="..\RomSettings.h">
      <Filter>Source</Filter>
    </ClInclude>
    <ClInclude Include="..\Graphics.h">
      <Filter>Source</Filter>
    </ClInclude>
    <ClInclude Include="..\Input.h">
      <Filter>Source</Filter>
    </ClInclude>
    <ClInclude Include="..\MachineStatus.h">
      <Filter>Source</Filter>
    </ClInclude>
    <ClInclude Include="..\RunScreen.h">
      <Filter>Source\Screens</Filter>
    </ClInclude>
    <ClInclude Include="..\ZProbeScreen.h">
      <Filter>Source\Screens</Filter>
    </ClInclude>
  </ItemGroup>
  <ItemGroup>
    <ClCompile Include="pch.cpp">
      <Filter>Emulator</Filter>
    </ClCompile>
    <ClCompile Include="PendantEmulator.cpp">
      <Filter>Emulator</Filter>
    </ClCompile>
    <ClCompile Include="Serial.cpp">
      <Filter>Emulator</Filter>
    </ClCompile>
    <ClCompile Include="U8G2.cpp">
      <Filter>Emulator</Filter>
    </ClCompile>
    <ClCompile Include="EEPROM.cpp">
      <Filter>Emulator</Filter>
    </ClCompile>
  </ItemGroup>
  <ItemGroup>
    <Image Include="PendantEmulator.ico">
      <Filter>Emulator</Filter>
    </Image>
    <Image Include="small.ico">
      <Filter>Emulator</Filter>
    </Image>
  </ItemGroup>
  <ItemGroup>
    <None Include="..\Pendant.js">
      <Filter>Javascript</Filter>
    </None>
    <None Include="..\Main.h">
      <Filter>Source</Filter>
    </None>
    <None Include="..\Controlinator-3000.ino">
      <Filter>Arduino</Filter>
    </None>
  </ItemGroup>
  <ItemGroup>
    <ResourceCompile Include="PendantEmulator.rc">
      <Filter>Emulator</Filter>
    </ResourceCompile>
  </ItemGroup>
  <ItemGroup>
    <Text Include="..\font.txt">
      <Filter>Source</Filter>
    </Text>
  </ItemGroup>
</Project>